<Solution>
  <Configurations>
    <Platform Name="ARM" />
    <Platform Name="ARM64" />
    <Platform Name="x64" />
    <Platform Name="x86" />
  </Configurations>
  <Project Path="Sketch1.vcxproj" Id="375daa83-fdbe-4c4d-a98c-e3a3f8190c37">
    <Platform Solution="*|x86" Project="x86" />
    <Deploy />
  </Project>
</Solution>
